// !$*UTF8*$!
{
	archiveVersion = 1;
	classes = {
	};
	objectVersion = 46;
	objects = {

/* Begin PBXBuildFile section */
		04E151291A8BAA8B00BA65A6 /* AppDelegate.swift in Sources */ = {isa = PBXBuildFile; fileRef = 04E151281A8BAA8B00BA65A6 /* AppDelegate.swift */; };
		04E1512B1A8BAA8B00BA65A6 /* ViewController.swift in Sources */ = {isa = PBXBuildFile; fileRef = 04E1512A1A8BAA8B00BA65A6 /* ViewController.swift */; };
		04E1512E1A8BAA8B00BA65A6 /* Main.storyboard in Resources */ = {isa = PBXBuildFile; fileRef = 04E1512C1A8BAA8B00BA65A6 /* Main.storyboard */; };
		04E151301A8BAA8B00BA65A6 /* Images.xcassets in Resources */ = {isa = PBXBuildFile; fileRef = 04E1512F1A8BAA8B00BA65A6 /* Images.xcassets */; };
		04E151331A8BAA8B00BA65A6 /* LaunchScreen.xib in Resources */ = {isa = PBXBuildFile; fileRef = 04E151311A8BAA8B00BA65A6 /* LaunchScreen.xib */; };
		04E1513F1A8BAA8B00BA65A6 /* PostCardTests.swift in Sources */ = {isa = PBXBuildFile; fileRef = 04E1513E1A8BAA8B00BA65A6 /* PostCardTests.swift */; };
		04E151491A8BB68400BA65A6 /* 281337_10150737346555137_2140463_n.jpg in Resources */ = {isa = PBXBuildFile; fileRef = 04E151481A8BB68400BA65A6 /* 281337_10150737346555137_2140463_n.jpg */; };
		04E1514B1A8D754D00BA65A6 /* 347_32866027086_2109_n.jpg in Resources */ = {isa = PBXBuildFile; fileRef = 04E1514A1A8D754D00BA65A6 /* 347_32866027086_2109_n.jpg */; };
/* End PBXBuildFile section */

/* Begin PBXContainerItemProxy section */
		04E151391A8BAA8B00BA65A6 /* PBXContainerItemProxy */ = {
			isa = PBXContainerItemProxy;
			containerPortal = 04E1511B1A8BAA8B00BA65A6 /* Project object */;
			proxyType = 1;
			remoteGlobalIDString = 04E151221A8BAA8B00BA65A6;
			remoteInfo = PostCard;
		};
/* End PBXContainerItemProxy section */

/* Begin PBXFileReference section */
		04E151231A8BAA8B00BA65A6 /* PostCard.app */ = {isa = PBXFileReference; explicitFileType = wrapper.application; includeInIndex = 0; path = PostCard.app; sourceTree = BUILT_PRODUCTS_DIR; };
		04E151271A8BAA8B00BA65A6 /* Info.plist */ = {isa = PBXFileReference; lastKnownFileType = text.plist.xml; path = Info.plist; sourceTree = "<group>"; };
		04E151281A8BAA8B00BA65A6 /* AppDelegate.swift */ = {isa = PBXFileReference; lastKnownFileType = sourcecode.swift; path = AppDelegate.swift; sourceTree = "<group>"; };
		04E1512A1A8BAA8B00BA65A6 /* ViewController.swift */ = {isa = PBXFileReference; lastKnownFileType = sourcecode.swift; path = ViewController.swift; sourceTree = "<group>"; };
		04E1512D1A8BAA8B00BA65A6 /* Base */ = {isa = PBXFileReference; lastKnownFileType = file.storyboard; name = Base; path = Base.lproj/Main.storyboard; sourceTree = "<group>"; };
		04E1512F1A8BAA8B00BA65A6 /* Images.xcassets */ = {isa = PBXFileReference; lastKnownFileType = folder.assetcatalog; path = Images.xcassets; sourceTree = "<group>"; };
		04E151321A8BAA8B00BA65A6 /* Base */ = {isa = PBXFileReference; lastKnownFileType = file.xib; name = Base; path = Base.lproj/LaunchScreen.xib; sourceTree = "<group>"; };
		04E151381A8BAA8B00BA65A6 /* PostCardTests.xctest */ = {isa = PBXFileReference; explicitFileType = wrapper.cfbundle; includeInIndex = 0; path = PostCardTests.xctest; sourceTree = BUILT_PRODUCTS_DIR; };
		04E1513D1A8BAA8B00BA65A6 /* Info.plist */ = {isa = PBXFileReference; lastKnownFileType = text.plist.xml; path = Info.plist; sourceTree = "<group>"; };
		04E1513E1A8BAA8B00BA65A6 /* PostCardTests.swift */ = {isa = PBXFileReference; lastKnownFileType = sourcecode.swift; path = PostCardTests.swift; sourceTree = "<group>"; };
		04E151481A8BB68400BA65A6 /* 281337_10150737346555137_2140463_n.jpg */ = {isa = PBXFileReference; lastKnownFileType = image.jpeg; path = 281337_10150737346555137_2140463_n.jpg; sourceTree = "<group>"; };
		04E1514A1A8D754D00BA65A6 /* 347_32866027086_2109_n.jpg */ = {isa = PBXFileReference; lastKnownFileType = image.jpeg; path = 347_32866027086_2109_n.jpg; sourceTree = "<group>"; };
/* End PBXFileReference section */

/* Begin PBXFrameworksBuildPhase section */
		04E151201A8BAA8B00BA65A6 /* Frameworks */ = {
			isa = PBXFrameworksBuildPhase;
			buildActionMask = 2147483647;
			files = (
			);
			runOnlyForDeploymentPostprocessing = 0;
		};
		04E151351A8BAA8B00BA65A6 /* Frameworks */ = {
			isa = PBXFrameworksBuildPhase;
			buildActionMask = 2147483647;
			files = (
			);
			runOnlyForDeploymentPostprocessing = 0;
		};
/* End PBXFrameworksBuildPhase section */

/* Begin PBXGroup section */
		04E1511A1A8BAA8B00BA65A6 = {
			isa = PBXGroup;
			children = (
				04E151251A8BAA8B00BA65A6 /* PostCard */,
				04E1513B1A8BAA8B00BA65A6 /* PostCardTests */,
				04E151241A8BAA8B00BA65A6 /* Products */,
			);
			sourceTree = "<group>";
		};
		04E151241A8BAA8B00BA65A6 /* Products */ = {
			isa = PBXGroup;
			children = (
				04E151231A8BAA8B00BA65A6 /* PostCard.app */,
				04E151381A8BAA8B00BA65A6 /* PostCardTests.xctest */,
			);
			name = Products;
			sourceTree = "<group>";
		};
		04E151251A8BAA8B00BA65A6 /* PostCard */ = {
			isa = PBXGroup;
			children = (
				04E151281A8BAA8B00BA65A6 /* AppDelegate.swift */,
				04E1512A1A8BAA8B00BA65A6 /* ViewController.swift */,
				04E1512C1A8BAA8B00BA65A6 /* Main.storyboard */,
				04E1512F1A8BAA8B00BA65A6 /* Images.xcassets */,
				04E151311A8BAA8B00BA65A6 /* LaunchScreen.xib */,
				04E151261A8BAA8B00BA65A6 /* Supporting Files */,
			);
			path = PostCard;
			sourceTree = "<group>";
		};
		04E151261A8BAA8B00BA65A6 /* Supporting Files */ = {
			isa = PBXGroup;
			children = (
				04E1514A1A8D754D00BA65A6 /* 347_32866027086_2109_n.jpg */,
				04E151481A8BB68400BA65A6 /* 281337_10150737346555137_2140463_n.jpg */,
				04E151271A8BAA8B00BA65A6 /* Info.plist */,
			);
			name = "Supporting Files";
			sourceTree = "<group>";
		};
		04E1513B1A8BAA8B00BA65A6 /* PostCardTests */ = {
			isa = PBXGroup;
			children = (
				04E1513E1A8BAA8B00BA65A6 /* PostCardTests.swift */,
				04E1513C1A8BAA8B00BA65A6 /* Supporting Files */,
			);
			path = PostCardTests;
			sourceTree = "<group>";
		};
		04E1513C1A8BAA8B00BA65A6 /* Supporting Files */ = {
			isa = PBXGroup;
			children = (
				04E1513D1A8BAA8B00BA65A6 /* Info.plist */,
			);
			name = "Supporting Files";
			sourceTree = "<group>";
		};
/* End PBXGroup section */

/* Begin PBXNativeTarget section */
		04E151221A8BAA8B00BA65A6 /* PostCard */ = {
			isa = PBXNativeTarget;
			buildConfigurationList = 04E151421A8BAA8B00BA65A6 /* Build configuration list for PBXNativeTarget "PostCard" */;
			buildPhases = (
				04E1511F1A8BAA8B00BA65A6 /* Sources */,
				04E151201A8BAA8B00BA65A6 /* Frameworks */,
				04E151211A8BAA8B00BA65A6 /* Resources */,
			);
			buildRules = (
			);
			dependencies = (
			);
			name = PostCard;
			productName = PostCard;
			productReference = 04E151231A8BAA8B00BA65A6 /* PostCard.app */;
			productType = "com.apple.product-type.application";
		};
		04E151371A8BAA8B00BA65A6 /* PostCardTests */ = {
			isa = PBXNativeTarget;
			buildConfigurationList = 04E151451A8BAA8B00BA65A6 /* Build configuration list for PBXNativeTarget "PostCardTests" */;
			buildPhases = (
				04E151341A8BAA8B00BA65A6 /* Sources */,
				04E151351A8BAA8B00BA65A6 /* Frameworks */,
				04E151361A8BAA8B00BA65A6 /* Resources */,
			);
			buildRules = (
			);
			dependencies = (
				04E1513A1A8BAA8B00BA65A6 /* PBXTargetDependency */,
			);
			name = PostCardTests;
			productName = PostCardTests;
			productReference = 04E151381A8BAA8B00BA65A6 /* PostCardTests.xctest */;
			productType = "com.apple.product-type.bundle.unit-test";
		};
/* End PBXNativeTarget section */

/* Begin PBXProject section */
		04E1511B1A8BAA8B00BA65A6 /* Project object */ = {
			isa = PBXProject;
			attributes = {
				LastUpgradeCheck = 0610;
				ORGANIZATIONNAME = Oliven;
				TargetAttributes = {
					04E151221A8BAA8B00BA65A6 = {
						CreatedOnToolsVersion = 6.1.1;
					};
					04E151371A8BAA8B00BA65A6 = {
						CreatedOnToolsVersion = 6.1.1;
						TestTargetID = 04E151221A8BAA8B00BA65A6;
					};
				};
			};
			buildConfigurationList = 04E1511E1A8BAA8B00BA65A6 /* Build configuration list for PBXProject "PostCard" */;
			compatibilityVersion = "Xcode 3.2";
			developmentRegion = English;
			hasScannedForEncodings = 0;
			knownRegions = (
				en,
				Base,
			);
			mainGroup = 04E1511A1A8BAA8B00BA65A6;
			productRefGroup = 04E151241A8BAA8B00BA65A6 /* Products */;
			projectDirPath = "";
			projectRoot = "";
			targets = (
				04E151221A8BAA8B00BA65A6 /* PostCard */,
				04E151371A8BAA8B00BA65A6 /* PostCardTests */,
			);
		};
/* End PBXProject section */

/* Begin PBXResourcesBuildPhase section */
		04E151211A8BAA8B00BA65A6 /* Resources */ = {
			isa = PBXResourcesBuildPhase;
			buildActionMask = 2147483647;
			files = (
				04E1512E1A8BAA8B00BA65A6 /* Main.storyboard in Resources */,
				04E151331A8BAA8B00BA65A6 /* LaunchScreen.xib in Resources */,
				04E1514B1A8D754D00BA65A6 /* 347_32866027086_2109_n.jpg in Resources */,
				04E151301A8BAA8B00BA65A6 /* Images.xcassets in Resources */,
				04E151491A8BB68400BA65A6 /* 281337_10150737346555137_2140463_n.jpg in Resources */,
			);
			runOnlyForDeploymentPostprocessing = 0;
		};
		04E151361A8BAA8B00BA65A6 /* Resources */ = {
			isa = PBXResourcesBuildPhase;
			buildActionMask = 2147483647;
			files = (
			);
			runOnlyForDeploymentPostprocessing = 0;
		};
/* End PBXResourcesBuildPhase section */

/* Begin PBXSourcesBuildPhase section */
		04E1511F1A8BAA8B00BA65A6 /* Sources */ = {
			isa = PBXSourcesBuildPhase;
			buildActionMask = 2147483647;
			files = (
				04E1512B1A8BAA8B00BA65A6 /* ViewController.swift in Sources */,
				04E151291A8BAA8B00BA65A6 /* AppDelegate.swift in Sources */,
			);
			runOnlyForDeploymentPostprocessing = 0;
		};
		04E151341A8BAA8B00BA65A6 /* Sources */ = {
			isa = PBXSourcesBuildPhase;
			buildActionMask = 2147483647;
			files = (
				04E1513F1A8BAA8B00BA65A6 /* PostCardTests.swift in Sources */,
			);
			runOnlyForDeploymentPostprocessing = 0;
		};
/* End PBXSourcesBuildPhase section */

/* Begin PBXTargetDependency section */
		04E1513A1A8BAA8B00BA65A6 /* PBXTargetDependency */ = {
			isa = PBXTargetDependency;
			target = 04E151221A8BAA8B00BA65A6 /* PostCard */;
			targetProxy = 04E151391A8BAA8B00BA65A6 /* PBXContainerItemProxy */;
		};
/* End PBXTargetDependency section */

/* Begin PBXVariantGroup section */
		04E1512C1A8BAA8B00BA65A6 /* Main.storyboard */ = {
			isa = PBXVariantGroup;
			children = (
				04E1512D1A8BAA8B00BA65A6 /* Base */,
			);
			name = Main.storyboard;
			sourceTree = "<group>";
		};
		04E151311A8BAA8B00BA65A6 /* LaunchScreen.xib */ = {
			isa = PBXVariantGroup;
			children = (
				04E151321A8BAA8B00BA65A6 /* Base */,
			);
			name = LaunchScreen.xib;
			sourceTree = "<group>";
		};
/* End PBXVariantGroup section */

/* Begin XCBuildConfiguration section */
		04E151401A8BAA8B00BA65A6 /* Debug */ = {
			isa = XCBuildConfiguration;
			buildSettings = {
				ALWAYS_SEARCH_USER_PATHS = NO;
				CLANG_CXX_LANGUAGE_STANDARD = "gnu++0x";
				CLANG_CXX_LIBRARY = "libc++";
				CLANG_ENABLE_MODULES = YES;
				CLANG_ENABLE_OBJC_ARC = YES;
				CLANG_WARN_BOOL_CONVERSION = YES;
				CLANG_WARN_CONSTANT_CONVERSION = YES;
				CLANG_WARN_DIRECT_OBJC_ISA_USAGE = YES_ERROR;
				CLANG_WARN_EMPTY_BODY = YES;
				CLANG_WARN_ENUM_CONVERSION = YES;
				CLANG_WARN_INT_CONVERSION = YES;
				CLANG_WARN_OBJC_ROOT_CLASS = YES_ERROR;
				CLANG_WARN_UNREACHABLE_CODE = YES;
				CLANG_WARN__DUPLICATE_METHOD_MATCH = YES;
				"CODE_SIGN_IDENTITY[sdk=iphoneos*]" = "iPhone Developer";
				COPY_PHASE_STRIP = NO;
				ENABLE_STRICT_OBJC_MSGSEND = YES;
				GCC_C_LANGUAGE_STANDARD = gnu99;
				GCC_DYNAMIC_NO_PIC = NO;
				GCC_OPTIMIZATION_LEVEL = 0;
				GCC_PREPROCESSOR_DEFINITIONS = (
					"DEBUG=1",
					"$(inherited)",
				);
				GCC_SYMBOLS_PRIVATE_EXTERN = NO;
				GCC_WARN_64_TO_32_BIT_CONVERSION = YES;
				GCC_WARN_ABOUT_RETURN_TYPE = YES_ERROR;
				GCC_WARN_UNDECLARED_SELECTOR = YES;
				GCC_WARN_UNINITIALIZED_AUTOS = YES_AGGRESSIVE;
				GCC_WARN_UNUSED_FUNCTION = YES;
				GCC_WARN_UNUSED_VARIABLE = YES;
				IPHONEOS_DEPLOYMENT_TARGET = 8.1;
				MTL_ENABLE_DEBUG_INFO = YES;
				ONLY_ACTIVE_ARCH = YES;
				SDKROOT = iphoneos;
				SWIFT_OPTIMIZATION_LEVEL = "-Onone";
				TARGETED_DEVICE_FAMILY = "1,2";
			};
			name = Debug;
		};
		04E151411A8BAA8B00BA65A6 /* Release */ = {
			isa = XCBuildConfiguration;
			buildSettings = {
				ALWAYS_SEARCH_USER_PATHS = NO;
				CLANG_CXX_LANGUAGE_STANDARD = "gnu++0x";
				CLANG_CXX_LIBRARY = "libc++";
				CLANG_ENABLE_MODULES = YES;
				CLANG_ENABLE_OBJC_ARC = YES;
				CLANG_WARN_BOOL_CONVERSION = YES;
				CLANG_WARN_CONSTANT_CONVERSION = YES;
				CLANG_WARN_DIRECT_OBJC_ISA_USAGE = YES_ERROR;
				CLANG_WARN_EMPTY_BODY = YES;
				CLANG_WARN_ENUM_CONVERSION = YES;
				CLANG_WARN_INT_CONVERSION = YES;
				CLANG_WARN_OBJC_ROOT_CLASS = YES_ERROR;
				CLANG_WARN_UNREACHABLE_CODE = YES;
				CLANG_WARN__DUPLICATE_METHOD_MATCH = YES;
				"CODE_SIGN_IDENTITY[sdk=iphoneos*]" = "iPhone Developer";
				COPY_PHASE_STRIP = YES;
				ENABLE_NS_ASSERTIONS = NO;
				ENABLE_STRICT_OBJC_MSGSEND = YES;
				GCC_C_LANGUAGE_STANDARD = gnu99;
				GCC_WARN_64_TO_32_BIT_CONVERSION = YES;
				GCC_WARN_ABOUT_RETURN_TYPE = YES_ERROR;
				GCC_WARN_UNDECLARED_SELECTOR = YES;
				GCC_WARN_UNINITIALIZED_AUTOS = YES_AGGRESSIVE;
				GCC_WARN_UNUSED_FUNCTION = YES;
				GCC_WARN_UNUSED_VARIABLE = YES;
				IPHONEOS_DEPLOYMENT_TARGET = 8.1;
				MTL_ENABLE_DEBUG_INFO = NO;
				SDKROOT = iphoneos;
				TARGETED_DEVICE_FAMILY = "1,2";
				VALIDATE_PRODUCT = YES;
			};
			name = Release;
		};
		04E151431A8BAA8B00BA65A6 /* Debug */ = {
			isa = XCBuildConfiguration;
			buildSettings = {
				ASSETCATALOG_COMPILER_APPICON_NAME = AppIcon;
				INFOPLIST_FILE = PostCard/Info.plist;
				LD_RUNPATH_SEARCH_PATHS = "$(inherited) @executable_path/Frameworks";
				PRODUCT_NAME = "$(TARGET_NAME)";
			};
			name = Debug;
		};
		04E151441A8BAA8B00BA65A6 /* Release */ = {
			isa = XCBuildConfiguration;
			buildSettings = {
				ASSETCATALOG_COMPILER_APPICON_NAME = AppIcon;
				INFOPLIST_FILE = PostCard/Info.plist;
				LD_RUNPATH_SEARCH_PATHS = "$(inherited) @executable_path/Frameworks";
				PRODUCT_NAME = "$(TARGET_NAME)";
			};
			name = Release;
		};
		04E151461A8BAA8B00BA65A6 /* Debug */ = {
			isa = XCBuildConfiguration;
			buildSettings = {
				BUNDLE_LOADER = "$(TEST_HOST)";
				FRAMEWORK_SEARCH_PATHS = (
					"$(SDKROOT)/Developer/Library/Frameworks",
					"$(inherited)",
				);
				GCC_PREPROCESSOR_DEFINITIONS = (
					"DEBUG=1",
					"$(inherited)",
				);
				INFOPLIST_FILE = PostCardTests/Info.plist;
				LD_RUNPATH_SEARCH_PATHS = "$(inherited) @executable_path/Frameworks @loader_path/Frameworks";
				PRODUCT_NAME = "$(TARGET_NAME)";
				TEST_HOST = "$(BUILT_PRODUCTS_DIR)/PostCard.app/PostCard";
			};
			name = Debug;
		};
		04E151471A8BAA8B00BA65A6 /* Release */ = {
			isa = XCBuildConfiguration;
			buildSettings = {
				BUNDLE_LOADER = "$(TEST_HOST)";
				FRAMEWORK_SEARCH_PATHS = (
					"$(SDKROOT)/Developer/Library/Frameworks",
					"$(inherited)",
				);
				INFOPLIST_FILE = PostCardTests/Info.plist;
				LD_RUNPATH_SEARCH_PATHS = "$(inherited) @executable_path/Frameworks @loader_path/Frameworks";
				PRODUCT_NAME = "$(TARGET_NAME)";
				TEST_HOST = "$(BUILT_PRODUCTS_DIR)/PostCard.app/PostCard";
			};
			name = Release;
		};
/* End XCBuildConfiguration section */

/* Begin XCConfigurationList section */
		04E1511E1A8BAA8B00BA65A6 /* Build configuration list for PBXProject "PostCard" */ = {
			isa = XCConfigurationList;
			buildConfigurations = (
				04E151401A8BAA8B00BA65A6 /* Debug */,
				04E151411A8BAA8B00BA65A6 /* Release */,
			);
			defaultConfigurationIsVisible = 0;
			defaultConfigurationName = Release;
		};
		04E151421A8BAA8B00BA65A6 /* Build configuration list for PBXNativeTarget "PostCard" */ = {
			isa = XCConfigurationList;
			buildConfigurations = (
				04E151431A8BAA8B00BA65A6 /* Debug */,
				04E151441A8BAA8B00BA65A6 /* Release */,
			);
			defaultConfigurationIsVisible = 0;
		};
		04E151451A8BAA8B00BA65A6 /* Build configuration list for PBXNativeTarget "PostCardTests" */ = {
			isa = XCConfigurationList;
			buildConfigurations = (
				04E151461A8BAA8B00BA65A6 /* Debug */,
				04E151471A8BAA8B00BA65A6 /* Release */,
			);
			defaultConfigurationIsVisible = 0;
		};
/* End XCConfigurationList section */
	};
	rootObject = 04E1511B1A8BAA8B00BA65A6 /* Project object */;
}
